
Microsoft Visual Studio Solution File, Format Version 12.00
# Visual Studio Version 17
VisualStudioVersion = 17.0.31314.256
MinimumVisualStudioVersion = 10.0.40219.1
Project("{2150E333-8FDC-42A3-9474-1A3956D46DE8}") = "Engine", "Engine", "{233774A8-CC9D-3FA9-86D1-90573E92B704}"
EndProject
Project("{2150E333-8FDC-42A3-9474-1A3956D46DE8}") = "Games", "Games", "{DE1F8B53-6C02-3C13-9101-A7C8D96F3FF6}"
EndProject
Project("{8BC9CEB8-8B4A-11D0-8D11-00A0C91BC942}") = "CP_Target", "Intermediate\ProjectFiles\CP_Target.vcxproj", "{2BBD3151-E74E-3DEA-B33E-28C1BD2015B3}"
EndProject
Project("{8BC9CEB8-8B4A-11D0-8D11-00A0C91BC942}") = "UE5", "Intermediate\ProjectFiles\UE5.vcxproj", "{8820B676-FBF2-3EEE-AA3C-C9A6360CD947}"
EndProject
Project("{2150E333-8FDC-42A3-9474-1A3956D46DE8}") = "Visualizers", "Visualizers", "{1CCEC849-CC72-4C59-8C36-2F7C38706D4C}"
	ProjectSection(SolutionItems) = preProject
		F:\UE_5.2\Engine\Extras\VisualStudioDebugging\Unreal.natvis = F:\UE_5.2\Engine\Extras\VisualStudioDebugging\Unreal.natvis
	EndProjectSection
EndProject
Global
	GlobalSection(SolutionConfigurationPlatforms) = preSolution
		DebugGame Client|Linux = DebugGame Client|Linux
		DebugGame Client|LinuxArm64 = DebugGame Client|LinuxArm64
		DebugGame Client|Win64 = DebugGame Client|Win64
		DebugGame Editor|Linux = DebugGame Editor|Linux
		DebugGame Editor|LinuxArm64 = DebugGame Editor|LinuxArm64
		DebugGame Editor|Win64 = DebugGame Editor|Win64
		DebugGame|Linux = DebugGame|Linux
		DebugGame|LinuxArm64 = DebugGame|LinuxArm64
		DebugGame|Win64 = DebugGame|Win64
		Development Client|Linux = Development Client|Linux
		Development Client|LinuxArm64 = Development Client|LinuxArm64
		Development Client|Win64 = Development Client|Win64
		Development Editor|Linux = Development Editor|Linux
		Development Editor|LinuxArm64 = Development Editor|LinuxArm64
		Development Editor|Win64 = Development Editor|Win64
		Development|Linux = Development|Linux
		Development|LinuxArm64 = Development|LinuxArm64
		Development|Win64 = Development|Win64
		Shipping Client|Linux = Shipping Client|Linux
		Shipping Client|LinuxArm64 = Shipping Client|LinuxArm64
		Shipping Client|Win64 = Shipping Client|Win64
		Shipping|Linux = Shipping|Linux
		Shipping|LinuxArm64 = Shipping|LinuxArm64
		Shipping|Win64 = Shipping|Win64
	EndGlobalSection
	# UnrealVS Section
	GlobalSection(ddbf523f-7eb6-4887-bd51-85a714ff87eb) = preSolution
		AvailablePlatforms=Win64;Linux;LinuxArm64
	EndGlobalSection
	GlobalSection(ProjectConfigurationPlatforms) = postSolution
		{2BBD3151-E74E-3DEA-B33E-28C1BD2015B3}.DebugGame Client|Linux.ActiveCfg = Linux_DebugGame_Client|Win64
		{2BBD3151-E74E-3DEA-B33E-28C1BD2015B3}.DebugGame Client|Linux.Build.0 = Linux_DebugGame_Client|Win64
		{2BBD3151-E74E-3DEA-B33E-28C1BD2015B3}.DebugGame Client|LinuxArm64.ActiveCfg = LinuxArm64_DebugGame_Client|Win64
		{2BBD3151-E74E-3DEA-B33E-28C1BD2015B3}.DebugGame Client|LinuxArm64.Build.0 = LinuxArm64_DebugGame_Client|Win64
		{2BBD3151-E74E-3DEA-B33E-28C1BD2015B3}.DebugGame Client|Win64.ActiveCfg = DebugGame_Client|x64
		{2BBD3151-E74E-3DEA-B33E-28C1BD2015B3}.DebugGame Client|Win64.Build.0 = DebugGame_Client|x64
		{2BBD3151-E74E-3DEA-B33E-28C1BD2015B3}.DebugGame Editor|Linux.ActiveCfg = Linux_DebugGame_Editor|Win64
		{2BBD3151-E74E-3DEA-B33E-28C1BD2015B3}.DebugGame Editor|Linux.Build.0 = Linux_DebugGame_Editor|Win64
		{2BBD3151-E74E-3DEA-B33E-28C1BD2015B3}.DebugGame Editor|LinuxArm64.ActiveCfg = Invalid|x64
		{2BBD3151-E74E-3DEA-B33E-28C1BD2015B3}.DebugGame Editor|Win64.ActiveCfg = DebugGame_Editor|x64
		{2BBD3151-E74E-3DEA-B33E-28C1BD2015B3}.DebugGame Editor|Win64.Build.0 = DebugGame_Editor|x64
		{2BBD3151-E74E-3DEA-B33E-28C1BD2015B3}.DebugGame|Linux.ActiveCfg = Linux_DebugGame|Win64
		{2BBD3151-E74E-3DEA-B33E-28C1BD2015B3}.DebugGame|Linux.Build.0 = Linux_DebugGame|Win64
		{2BBD3151-E74E-3DEA-B33E-28C1BD2015B3}.DebugGame|LinuxArm64.ActiveCfg = LinuxArm64_DebugGame|Win64
		{2BBD3151-E74E-3DEA-B33E-28C1BD2015B3}.DebugGame|LinuxArm64.Build.0 = LinuxArm64_DebugGame|Win64
		{2BBD3151-E74E-3DEA-B33E-28C1BD2015B3}.DebugGame|Win64.ActiveCfg = DebugGame|x64
		{2BBD3151-E74E-3DEA-B33E-28C1BD2015B3}.DebugGame|Win64.Build.0 = DebugGame|x64
		{2BBD3151-E74E-3DEA-B33E-28C1BD2015B3}.Development Client|Linux.ActiveCfg = Linux_Development_Client|Win64
		{2BBD3151-E74E-3DEA-B33E-28C1BD2015B3}.Development Client|Linux.Build.0 = Linux_Development_Client|Win64
		{2BBD3151-E74E-3DEA-B33E-28C1BD2015B3}.Development Client|LinuxArm64.ActiveCfg = LinuxArm64_Development_Client|Win64
		{2BBD3151-E74E-3DEA-B33E-28C1BD2015B3}.Development Client|LinuxArm64.Build.0 = LinuxArm64_Development_Client|Win64
		{2BBD3151-E74E-3DEA-B33E-28C1BD2015B3}.Development Client|Win64.ActiveCfg = Development_Client|x64
		{2BBD3151-E74E-3DEA-B33E-28C1BD2015B3}.Development Client|Win64.Build.0 = Development_Client|x64
		{2BBD3151-E74E-3DEA-B33E-28C1BD2015B3}.Development Editor|Linux.ActiveCfg = Linux_Development_Editor|Win64
		{2BBD3151-E74E-3DEA-B33E-28C1BD2015B3}.Development Editor|Linux.Build.0 = Linux_Development_Editor|Win64
		{2BBD3151-E74E-3DEA-B33E-28C1BD2015B3}.Development Editor|LinuxArm64.ActiveCfg = Invalid|x64
		{2BBD3151-E74E-3DEA-B33E-28C1BD2015B3}.Development Editor|Win64.ActiveCfg = Development_Editor|x64
		{2BBD3151-E74E-3DEA-B33E-28C1BD2015B3}.Development Editor|Win64.Build.0 = Development_Editor|x64
		{2BBD3151-E74E-3DEA-B33E-28C1BD2015B3}.Development|Linux.ActiveCfg = Linux_Development|Win64
		{2BBD3151-E74E-3DEA-B33E-28C1BD2015B3}.Development|Linux.Build.0 = Linux_Development|Win64
		{2BBD3151-E74E-3DEA-B33E-28C1BD2015B3}.Development|LinuxArm64.ActiveCfg = LinuxArm64_Development|Win64
		{2BBD3151-E74E-3DEA-B33E-28C1BD2015B3}.Development|LinuxArm64.Build.0 = LinuxArm64_Development|Win64
		{2BBD3151-E74E-3DEA-B33E-28C1BD2015B3}.Development|Win64.ActiveCfg = Development|x64
		{2BBD3151-E74E-3DEA-B33E-28C1BD2015B3}.Development|Win64.Build.0 = Development|x64
		{2BBD3151-E74E-3DEA-B33E-28C1BD2015B3}.Shipping Client|Linux.ActiveCfg = Linux_Shipping_Client|Win64
		{2BBD3151-E74E-3DEA-B33E-28C1BD2015B3}.Shipping Client|Linux.Build.0 = Linux_Shipping_Client|Win64
		{2BBD3151-E74E-3DEA-B33E-28C1BD2015B3}.Shipping Client|LinuxArm64.ActiveCfg = LinuxArm64_Shipping_Client|Win64
		{2BBD3151-E74E-3DEA-B33E-28C1BD2015B3}.Shipping Client|LinuxArm64.Build.0 = LinuxArm64_Shipping_Client|Win64
		{2BBD3151-E74E-3DEA-B33E-28C1BD2015B3}.Shipping Client|Win64.ActiveCfg = Shipping_Client|x64
		{2BBD3151-E74E-3DEA-B33E-28C1BD2015B3}.Shipping Client|Win64.Build.0 = Shipping_Client|x64
		{2BBD3151-E74E-3DEA-B33E-28C1BD2015B3}.Shipping|Linux.ActiveCfg = Linux_Shipping|Win64
		{2BBD3151-E74E-3DEA-B33E-28C1BD2015B3}.Shipping|Linux.Build.0 = Linux_Shipping|Win64
		{2BBD3151-E74E-3DEA-B33E-28C1BD2015B3}.Shipping|LinuxArm64.ActiveCfg = LinuxArm64_Shipping|Win64
		{2BBD3151-E74E-3DEA-B33E-28C1BD2015B3}.Shipping|LinuxArm64.Build.0 = LinuxArm64_Shipping|Win64
		{2BBD3151-E74E-3DEA-B33E-28C1BD2015B3}.Shipping|Win64.ActiveCfg = Shipping|x64
		{2BBD3151-E74E-3DEA-B33E-28C1BD2015B3}.Shipping|Win64.Build.0 = Shipping|x64
		{8820B676-FBF2-3EEE-AA3C-C9A6360CD947}.DebugGame Client|Linux.ActiveCfg = BuiltWithUnrealBuildTool|Win64
		{8820B676-FBF2-3EEE-AA3C-C9A6360CD947}.DebugGame Client|LinuxArm64.ActiveCfg = BuiltWithUnrealBuildTool|Win64
		{8820B676-FBF2-3EEE-AA3C-C9A6360CD947}.DebugGame Client|Win64.ActiveCfg = BuiltWithUnrealBuildTool|Win64
		{8820B676-FBF2-3EEE-AA3C-C9A6360CD947}.DebugGame Editor|Linux.ActiveCfg = BuiltWithUnrealBuildTool|Win64
		{8820B676-FBF2-3EEE-AA3C-C9A6360CD947}.DebugGame Editor|LinuxArm64.ActiveCfg = BuiltWithUnrealBuildTool|Win64
		{8820B676-FBF2-3EEE-AA3C-C9A6360CD947}.DebugGame Editor|Win64.ActiveCfg = BuiltWithUnrealBuildTool|Win64
		{8820B676-FBF2-3EEE-AA3C-C9A6360CD947}.DebugGame|Linux.ActiveCfg = BuiltWithUnrealBuildTool|Win64
		{8820B676-FBF2-3EEE-AA3C-C9A6360CD947}.DebugGame|LinuxArm64.ActiveCfg = BuiltWithUnrealBuildTool|Win64
		{8820B676-FBF2-3EEE-AA3C-C9A6360CD947}.DebugGame|Win64.ActiveCfg = BuiltWithUnrealBuildTool|Win64
		{8820B676-FBF2-3EEE-AA3C-C9A6360CD947}.Development Client|Linux.ActiveCfg = BuiltWithUnrealBuildTool|Win64
		{8820B676-FBF2-3EEE-AA3C-C9A6360CD947}.Development Client|LinuxArm64.ActiveCfg = BuiltWithUnrealBuildTool|Win64
		{8820B676-FBF2-3EEE-AA3C-C9A6360CD947}.Development Client|Win64.ActiveCfg = BuiltWithUnrealBuildTool|Win64
		{8820B676-FBF2-3EEE-AA3C-C9A6360CD947}.Development Editor|Linux.ActiveCfg = BuiltWithUnrealBuildTool|Win64
		{8820B676-FBF2-3EEE-AA3C-C9A6360CD947}.Development Editor|LinuxArm64.ActiveCfg = BuiltWithUnrealBuildTool|Win64
		{8820B676-FBF2-3EEE-AA3C-C9A6360CD947}.Development Editor|Win64.ActiveCfg = BuiltWithUnrealBuildTool|Win64
		{8820B676-FBF2-3EEE-AA3C-C9A6360CD947}.Development|Linux.ActiveCfg = BuiltWithUnrealBuildTool|Win64
		{8820B676-FBF2-3EEE-AA3C-C9A6360CD947}.Development|LinuxArm64.ActiveCfg = BuiltWithUnrealBuildTool|Win64
		{8820B676-FBF2-3EEE-AA3C-C9A6360CD947}.Development|Win64.ActiveCfg = BuiltWithUnrealBuildTool|Win64
		{8820B676-FBF2-3EEE-AA3C-C9A6360CD947}.Shipping Client|Linux.ActiveCfg = BuiltWithUnrealBuildTool|Win64
		{8820B676-FBF2-3EEE-AA3C-C9A6360CD947}.Shipping Client|LinuxArm64.ActiveCfg = BuiltWithUnrealBuildTool|Win64
		{8820B676-FBF2-3EEE-AA3C-C9A6360CD947}.Shipping Client|Win64.ActiveCfg = BuiltWithUnrealBuildTool|Win64
		{8820B676-FBF2-3EEE-AA3C-C9A6360CD947}.Shipping|Linux.ActiveCfg = BuiltWithUnrealBuildTool|Win64
		{8820B676-FBF2-3EEE-AA3C-C9A6360CD947}.Shipping|LinuxArm64.ActiveCfg = BuiltWithUnrealBuildTool|Win64
		{8820B676-FBF2-3EEE-AA3C-C9A6360CD947}.Shipping|Win64.ActiveCfg = BuiltWithUnrealBuildTool|Win64
	EndGlobalSection
	GlobalSection(SolutionProperties) = preSolution
		HideSolutionNode = FALSE
	EndGlobalSection
	GlobalSection(NestedProjects) = preSolution
		{8820B676-FBF2-3EEE-AA3C-C9A6360CD947} = {233774A8-CC9D-3FA9-86D1-90573E92B704}
		{2BBD3151-E74E-3DEA-B33E-28C1BD2015B3} = {DE1F8B53-6C02-3C13-9101-A7C8D96F3FF6}
	EndGlobalSection
EndGlobal
